// !$*UTF8*$!
{
	archiveVersion = 1;
	classes = {
	};
	objectVersion = 46;
	objects = {

/* Begin PBXBuildFile section */
		3F5DC08C180122760076C8AB /* Foundation.framework in Frameworks */ = {isa = PBXBuildFile; fileRef = 3F5DC08B180122760076C8AB /* Foundation.framework */; };
		3F5DC08E180122760076C8AB /* CoreGraphics.framework in Frameworks */ = {isa = PBXBuildFile; fileRef = 3F5DC08D180122760076C8AB /* CoreGraphics.framework */; };
		3F5DC090180122760076C8AB /* UIKit.framework in Frameworks */ = {isa = PBXBuildFile; fileRef = 3F5DC08F180122760076C8AB /* UIKit.framework */; };
		3F5DC096180122760076C8AB /* InfoPlist.strings in Resources */ = {isa = PBXBuildFile; fileRef = 3F5DC094180122760076C8AB /* InfoPlist.strings */; };
		3F5DC098180122760076C8AB /* main.m in Sources */ = {isa = PBXBuildFile; fileRef = 3F5DC097180122760076C8AB /* main.m */; };
		3F5DC09C180122760076C8AB /* AppDelegate.m in Sources */ = {isa = PBXBuildFile; fileRef = 3F5DC09B180122760076C8AB /* AppDelegate.m */; };
		3F5DC09E180122760076C8AB /* Images.xcassets in Resources */ = {isa = PBXBuildFile; fileRef = 3F5DC09D180122760076C8AB /* Images.xcassets */; };
		3F5DC0A5180122760076C8AB /* XCTest.framework in Frameworks */ = {isa = PBXBuildFile; fileRef = 3F5DC0A4180122760076C8AB /* XCTest.framework */; };
		3F5DC0A6180122760076C8AB /* Foundation.framework in Frameworks */ = {isa = PBXBuildFile; fileRef = 3F5DC08B180122760076C8AB /* Foundation.framework */; };
		3F5DC0A7180122760076C8AB /* UIKit.framework in Frameworks */ = {isa = PBXBuildFile; fileRef = 3F5DC08F180122760076C8AB /* UIKit.framework */; };
		3F5DC0AF180122760076C8AB /* InfoPlist.strings in Resources */ = {isa = PBXBuildFile; fileRef = 3F5DC0AD180122760076C8AB /* InfoPlist.strings */; };
		3F5DC0B1180122760076C8AB /* temperatureconverterTests.m in Sources */ = {isa = PBXBuildFile; fileRef = 3F5DC0B0180122760076C8AB /* temperatureconverterTests.m */; };
/* End PBXBuildFile section */

/* Begin PBXContainerItemProxy section */
		3F5DC0A8180122760076C8AB /* PBXContainerItemProxy */ = {
			isa = PBXContainerItemProxy;
			containerPortal = 3F5DC080180122760076C8AB /* Project object */;
			proxyType = 1;
			remoteGlobalIDString = 3F5DC087180122760076C8AB;
			remoteInfo = temperatureconverter;
		};
/* End PBXContainerItemProxy section */

/* Begin PBXFileReference section */
		3F5DC088180122760076C8AB /* temperatureconverter.app */ = {isa = PBXFileReference; explicitFileType = wrapper.application; includeInIndex = 0; path = temperatureconverter.app; sourceTree = BUILT_PRODUCTS_DIR; };
		3F5DC08B180122760076C8AB /* Foundation.framework */ = {isa = PBXFileReference; lastKnownFileType = wrapper.framework; name = Foundation.framework; path = System/Library/Frameworks/Foundation.framework; sourceTree = SDKROOT; };
		3F5DC08D180122760076C8AB /* CoreGraphics.framework */ = {isa = PBXFileReference; lastKnownFileType = wrapper.framework; name = CoreGraphics.framework; path = System/Library/Frameworks/CoreGraphics.framework; sourceTree = SDKROOT; };
		3F5DC08F180122760076C8AB /* UIKit.framework */ = {isa = PBXFileReference; lastKnownFileType = wrapper.framework; name = UIKit.framework; path = System/Library/Frameworks/UIKit.framework; sourceTree = SDKROOT; };
		3F5DC093180122760076C8AB /* temperatureconverter-Info.plist */ = {isa = PBXFileReference; lastKnownFileType = text.plist.xml; path = "temperatureconverter-Info.plist"; sourceTree = "<group>"; };
		3F5DC095180122760076C8AB /* en */ = {isa = PBXFileReference; lastKnownFileType = text.plist.strings; name = en; path = en.lproj/InfoPlist.strings; sourceTree = "<group>"; };
		3F5DC097180122760076C8AB /* main.m */ = {isa = PBXFileReference; lastKnownFileType = sourcecode.c.objc; path = main.m; sourceTree = "<group>"; };
		3F5DC099180122760076C8AB /* temperatureconverter-Prefix.pch */ = {isa = PBXFileReference; lastKnownFileType = sourcecode.c.h; path = "temperatureconverter-Prefix.pch"; sourceTree = "<group>"; };
		3F5DC09A180122760076C8AB /* AppDelegate.h */ = {isa = PBXFileReference; lastKnownFileType = sourcecode.c.h; path = AppDelegate.h; sourceTree = "<group>"; };
		3F5DC09B180122760076C8AB /* AppDelegate.m */ = {isa = PBXFileReference; lastKnownFileType = sourcecode.c.objc; path = AppDelegate.m; sourceTree = "<group>"; };
		3F5DC09D180122760076C8AB /* Images.xcassets */ = {isa = PBXFileReference; lastKnownFileType = folder.assetcatalog; path = Images.xcassets; sourceTree = "<group>"; };
		3F5DC0A3180122760076C8AB /* temperatureconverterTests.xctest */ = {isa = PBXFileReference; explicitFileType = wrapper.cfbundle; includeInIndex = 0; path = temperatureconverterTests.xctest; sourceTree = BUILT_PRODUCTS_DIR; };
		3F5DC0A4180122760076C8AB /* XCTest.framework */ = {isa = PBXFileReference; lastKnownFileType = wrapper.framework; name = XCTest.framework; path = Library/Frameworks/XCTest.framework; sourceTree = DEVELOPER_DIR; };
		3F5DC0AC180122760076C8AB /* temperatureconverterTests-Info.plist */ = {isa = PBXFileReference; lastKnownFileType = text.plist.xml; path = "temperatureconverterTests-Info.plist"; sourceTree = "<group>"; };
		3F5DC0AE180122760076C8AB /* en */ = {isa = PBXFileReference; lastKnownFileType = text.plist.strings; name = en; path = en.lproj/InfoPlist.strings; sourceTree = "<group>"; };
		3F5DC0B0180122760076C8AB /* temperatureconverterTests.m */ = {isa = PBXFileReference; lastKnownFileType = sourcecode.c.objc; path = temperatureconverterTests.m; sourceTree = "<group>"; };
/* End PBXFileReference section */

/* Begin PBXFrameworksBuildPhase section */
		3F5DC085180122760076C8AB /* Frameworks */ = {
			isa = PBXFrameworksBuildPhase;
			buildActionMask = 2147483647;
			files = (
				3F5DC08E180122760076C8AB /* CoreGraphics.framework in Frameworks */,
				3F5DC090180122760076C8AB /* UIKit.framework in Frameworks */,
				3F5DC08C180122760076C8AB /* Foundation.framework in Frameworks */,
			);
			runOnlyForDeploymentPostprocessing = 0;
		};
		3F5DC0A0180122760076C8AB /* Frameworks */ = {
			isa = PBXFrameworksBuildPhase;
			buildActionMask = 2147483647;
			files = (
				3F5DC0A5180122760076C8AB /* XCTest.framework in Frameworks */,
				3F5DC0A7180122760076C8AB /* UIKit.framework in Frameworks */,
				3F5DC0A6180122760076C8AB /* Foundation.framework in Frameworks */,
			);
			runOnlyForDeploymentPostprocessing = 0;
		};
/* End PBXFrameworksBuildPhase section */

/* Begin PBXGroup section */
		3F5DC07F180122760076C8AB = {
			isa = PBXGroup;
			children = (
				3F5DC091180122760076C8AB /* temperatureconverter */,
				3F5DC0AA180122760076C8AB /* temperatureconverterTests */,
				3F5DC08A180122760076C8AB /* Frameworks */,
				3F5DC089180122760076C8AB /* Products */,
			);
			sourceTree = "<group>";
		};
		3F5DC089180122760076C8AB /* Products */ = {
			isa = PBXGroup;
			children = (
				3F5DC088180122760076C8AB /* temperatureconverter.app */,
				3F5DC0A3180122760076C8AB /* temperatureconverterTests.xctest */,
			);
			name = Products;
			sourceTree = "<group>";
		};
		3F5DC08A180122760076C8AB /* Frameworks */ = {
			isa = PBXGroup;
			children = (
				3F5DC08B180122760076C8AB /* Foundation.framework */,
				3F5DC08D180122760076C8AB /* CoreGraphics.framework */,
				3F5DC08F180122760076C8AB /* UIKit.framework */,
				3F5DC0A4180122760076C8AB /* XCTest.framework */,
			);
			name = Frameworks;
			sourceTree = "<group>";
		};
		3F5DC091180122760076C8AB /* temperatureconverter */ = {
			isa = PBXGroup;
			children = (
				3F5DC09A180122760076C8AB /* AppDelegate.h */,
				3F5DC09B180122760076C8AB /* AppDelegate.m */,
				3F5DC09D180122760076C8AB /* Images.xcassets */,
				3F5DC092180122760076C8AB /* Supporting Files */,
			);
			path = temperatureconverter;
			sourceTree = "<group>";
		};
		3F5DC092180122760076C8AB /* Supporting Files */ = {
			isa = PBXGroup;
			children = (
				3F5DC093180122760076C8AB /* temperatureconverter-Info.plist */,
				3F5DC094180122760076C8AB /* InfoPlist.strings */,
				3F5DC097180122760076C8AB /* main.m */,
				3F5DC099180122760076C8AB /* temperatureconverter-Prefix.pch */,
			);
			name = "Supporting Files";
			sourceTree = "<group>";
		};
		3F5DC0AA180122760076C8AB /* temperatureconverterTests */ = {
			isa = PBXGroup;
			children = (
				3F5DC0B0180122760076C8AB /* temperatureconverterTests.m */,
				3F5DC0AB180122760076C8AB /* Supporting Files */,
			);
			path = temperatureconverterTests;
			sourceTree = "<group>";
		};
		3F5DC0AB180122760076C8AB /* Supporting Files */ = {
			isa = PBXGroup;
			children = (
				3F5DC0AC180122760076C8AB /* temperatureconverterTests-Info.plist */,
				3F5DC0AD180122760076C8AB /* InfoPlist.strings */,
			);
			name = "Supporting Files";
			sourceTree = "<group>";
		};
/* End PBXGroup section */

/* Begin PBXNativeTarget section */
		3F5DC087180122760076C8AB /* temperatureconverter */ = {
			isa = PBXNativeTarget;
			buildConfigurationList = 3F5DC0B4180122760076C8AB /* Build configuration list for PBXNativeTarget "temperatureconverter" */;
			buildPhases = (
				3F5DC084180122760076C8AB /* Sources */,
				3F5DC085180122760076C8AB /* Frameworks */,
				3F5DC086180122760076C8AB /* Resources */,
			);
			buildRules = (
			);
			dependencies = (
			);
			name = temperatureconverter;
			productName = temperatureconverter;
			productReference = 3F5DC088180122760076C8AB /* temperatureconverter.app */;
			productType = "com.apple.product-type.application";
		};
		3F5DC0A2180122760076C8AB /* temperatureconverterTests */ = {
			isa = PBXNativeTarget;
			buildConfigurationList = 3F5DC0B7180122760076C8AB /* Build configuration list for PBXNativeTarget "temperatureconverterTests" */;
			buildPhases = (
				3F5DC09F180122760076C8AB /* Sources */,
				3F5DC0A0180122760076C8AB /* Frameworks */,
				3F5DC0A1180122760076C8AB /* Resources */,
			);
			buildRules = (
			);
			dependencies = (
				3F5DC0A9180122760076C8AB /* PBXTargetDependency */,
			);
			name = temperatureconverterTests;
			productName = temperatureconverterTests;
			productReference = 3F5DC0A3180122760076C8AB /* temperatureconverterTests.xctest */;
			productType = "com.apple.product-type.bundle.unit-test";
		};
/* End PBXNativeTarget section */

/* Begin PBXProject section */
		3F5DC080180122760076C8AB /* Project object */ = {
			isa = PBXProject;
			attributes = {
				LastUpgradeCheck = 0500;
				ORGANIZATIONNAME = "Jeremy Reyes";
				TargetAttributes = {
					3F5DC0A2180122760076C8AB = {
						TestTargetID = 3F5DC087180122760076C8AB;
					};
				};
			};
			buildConfigurationList = 3F5DC083180122760076C8AB /* Build configuration list for PBXProject "temperatureconverter" */;
			compatibilityVersion = "Xcode 3.2";
			developmentRegion = English;
			hasScannedForEncodings = 0;
			knownRegions = (
				en,
			);
			mainGroup = 3F5DC07F180122760076C8AB;
			productRefGroup = 3F5DC089180122760076C8AB /* Products */;
			projectDirPath = "";
			projectRoot = "";
			targets = (
				3F5DC087180122760076C8AB /* temperatureconverter */,
				3F5DC0A2180122760076C8AB /* temperatureconverterTests */,
			);
		};
/* End PBXProject section */

/* Begin PBXResourcesBuildPhase section */
		3F5DC086180122760076C8AB /* Resources */ = {
			isa = PBXResourcesBuildPhase;
			buildActionMask = 2147483647;
			files = (
				3F5DC096180122760076C8AB /* InfoPlist.strings in Resources */,
				3F5DC09E180122760076C8AB /* Images.xcassets in Resources */,
			);
			runOnlyForDeploymentPostprocessing = 0;
		};
		3F5DC0A1180122760076C8AB /* Resources */ = {
			isa = PBXResourcesBuildPhase;
			buildActionMask = 2147483647;
			files = (
				3F5DC0AF180122760076C8AB /* InfoPlist.strings in Resources */,
			);
			runOnlyForDeploymentPostprocessing = 0;
		};
/* End PBXResourcesBuildPhase section */

/* Begin PBXSourcesBuildPhase section */
		3F5DC084180122760076C8AB /* Sources */ = {
			isa = PBXSourcesBuildPhase;
			buildActionMask = 2147483647;
			files = (
				3F5DC09C180122760076C8AB /* AppDelegate.m in Sources */,
				3F5DC098180122760076C8AB /* main.m in Sources */,
			);
			runOnlyForDeploymentPostprocessing = 0;
		};
		3F5DC09F180122760076C8AB /* Sources */ = {
			isa = PBXSourcesBuildPhase;
			buildActionMask = 2147483647;
			files = (
				3F5DC0B1180122760076C8AB /* temperatureconverterTests.m in Sources */,
			);
			runOnlyForDeploymentPostprocessing = 0;
		};
/* End PBXSourcesBuildPhase section */

/* Begin PBXTargetDependency section */
		3F5DC0A9180122760076C8AB /* PBXTargetDependency */ = {
			isa = PBXTargetDependency;
			target = 3F5DC087180122760076C8AB /* temperatureconverter */;
			targetProxy = 3F5DC0A8180122760076C8AB /* PBXContainerItemProxy */;
		};
/* End PBXTargetDependency section */

/* Begin PBXVariantGroup section */
		3F5DC094180122760076C8AB /* InfoPlist.strings */ = {
			isa = PBXVariantGroup;
			children = (
				3F5DC095180122760076C8AB /* en */,
			);
			name = InfoPlist.strings;
			sourceTree = "<group>";
		};
		3F5DC0AD180122760076C8AB /* InfoPlist.strings */ = {
			isa = PBXVariantGroup;
			children = (
				3F5DC0AE180122760076C8AB /* en */,
			);
			name = InfoPlist.strings;
			sourceTree = "<group>";
		};
/* End PBXVariantGroup section */

/* Begin XCBuildConfiguration section */
		3F5DC0B2180122760076C8AB /* Debug */ = {
			isa = XCBuildConfiguration;
			buildSettings = {
				ALWAYS_SEARCH_USER_PATHS = NO;
				ARCHS = "$(ARCHS_STANDARD_INCLUDING_64_BIT)";
				CLANG_CXX_LANGUAGE_STANDARD = "gnu++0x";
				CLANG_CXX_LIBRARY = "libc++";
				CLANG_ENABLE_MODULES = YES;
				CLANG_ENABLE_OBJC_ARC = YES;
				CLANG_WARN_BOOL_CONVERSION = YES;
				CLANG_WARN_CONSTANT_CONVERSION = YES;
				CLANG_WARN_DIRECT_OBJC_ISA_USAGE = YES_ERROR;
				CLANG_WARN_EMPTY_BODY = YES;
				CLANG_WARN_ENUM_CONVERSION = YES;
				CLANG_WARN_INT_CONVERSION = YES;
				CLANG_WARN_OBJC_ROOT_CLASS = YES_ERROR;
				CLANG_WARN__DUPLICATE_METHOD_MATCH = YES;
				"CODE_SIGN_IDENTITY[sdk=iphoneos*]" = "iPhone Developer";
				COPY_PHASE_STRIP = NO;
				GCC_C_LANGUAGE_STANDARD = gnu99;
				GCC_DYNAMIC_NO_PIC = NO;
				GCC_OPTIMIZATION_LEVEL = 0;
				GCC_PREPROCESSOR_DEFINITIONS = (
					"DEBUG=1",
					"$(inherited)",
				);
				GCC_SYMBOLS_PRIVATE_EXTERN = NO;
				GCC_WARN_64_TO_32_BIT_CONVERSION = YES;
				GCC_WARN_ABOUT_RETURN_TYPE = YES_ERROR;
				GCC_WARN_UNDECLARED_SELECTOR = YES;
				GCC_WARN_UNINITIALIZED_AUTOS = YES;
				GCC_WARN_UNUSED_FUNCTION = YES;
				GCC_WARN_UNUSED_VARIABLE = YES;
				IPHONEOS_DEPLOYMENT_TARGET = 7.0;
				ONLY_ACTIVE_ARCH = YES;
				SDKROOT = iphoneos;
			};
			name = Debug;
		};
		3F5DC0B3180122760076C8AB /* Release */ = {
			isa = XCBuildConfiguration;
			buildSettings = {
				ALWAYS_SEARCH_USER_PATHS = NO;
				ARCHS = "$(ARCHS_STANDARD_INCLUDING_64_BIT)";
				CLANG_CXX_LANGUAGE_STANDARD = "gnu++0x";
				CLANG_CXX_LIBRARY = "libc++";
				CLANG_ENABLE_MODULES = YES;
				CLANG_ENABLE_OBJC_ARC = YES;
				CLANG_WARN_BOOL_CONVERSION = YES;
				CLANG_WARN_CONSTANT_CONVERSION = YES;
				CLANG_WARN_DIRECT_OBJC_ISA_USAGE = YES_ERROR;
				CLANG_WARN_EMPTY_BODY = YES;
				CLANG_WARN_ENUM_CONVERSION = YES;
				CLANG_WARN_INT_CONVERSION = YES;
				CLANG_WARN_OBJC_ROOT_CLASS = YES_ERROR;
				CLANG_WARN__DUPLICATE_METHOD_MATCH = YES;
				"CODE_SIGN_IDENTITY[sdk=iphoneos*]" = "iPhone Developer";
				COPY_PHASE_STRIP = YES;
				ENABLE_NS_ASSERTIONS = NO;
				GCC_C_LANGUAGE_STANDARD = gnu99;
				GCC_WARN_64_TO_32_BIT_CONVERSION = YES;
				GCC_WARN_ABOUT_RETURN_TYPE = YES_ERROR;
				GCC_WARN_UNDECLARED_SELECTOR = YES;
				GCC_WARN_UNINITIALIZED_AUTOS = YES;
				GCC_WARN_UNUSED_FUNCTION = YES;
				GCC_WARN_UNUSED_VARIABLE = YES;
				IPHONEOS_DEPLOYMENT_TARGET = 7.0;
				SDKROOT = iphoneos;
				VALIDATE_PRODUCT = YES;
			};
			name = Release;
		};
		3F5DC0B5180122760076C8AB /* Debug */ = {
			isa = XCBuildConfiguration;
			buildSettings = {
				ASSETCATALOG_COMPILER_APPICON_NAME = AppIcon;
				ASSETCATALOG_COMPILER_LAUNCHIMAGE_NAME = LaunchImage;
				GCC_PRECOMPILE_PREFIX_HEADER = YES;
				GCC_PREFIX_HEADER = "temperatureconverter/temperatureconverter-Prefix.pch";
				INFOPLIST_FILE = "temperatureconverter/temperatureconverter-Info.plist";
				PRODUCT_NAME = "$(TARGET_NAME)";
				WRAPPER_EXTENSION = app;
			};
			name = Debug;
		};
		3F5DC0B6180122760076C8AB /* Release */ = {
			isa = XCBuildConfiguration;
			buildSettings = {
				ASSETCATALOG_COMPILER_APPICON_NAME = AppIcon;
				ASSETCATALOG_COMPILER_LAUNCHIMAGE_NAME = LaunchImage;
				GCC_PRECOMPILE_PREFIX_HEADER = YES;
				GCC_PREFIX_HEADER = "temperatureconverter/temperatureconverter-Prefix.pch";
				INFOPLIST_FILE = "temperatureconverter/temperatureconverter-Info.plist";
				PRODUCT_NAME = "$(TARGET_NAME)";
				WRAPPER_EXTENSION = app;
			};
			name = Release;
		};
		3F5DC0B8180122760076C8AB /* Debug */ = {
			isa = XCBuildConfiguration;
			buildSettings = {
				ARCHS = "$(ARCHS_STANDARD_INCLUDING_64_BIT)";
				BUNDLE_LOADER = "$(BUILT_PRODUCTS_DIR)/temperatureconverter.app/temperatureconverter";
				FRAMEWORK_SEARCH_PATHS = (
					"$(SDKROOT)/Developer/Library/Frameworks",
					"$(inherited)",
					"$(DEVELOPER_FRAMEWORKS_DIR)",
				);
				GCC_PRECOMPILE_PREFIX_HEADER = YES;
				GCC_PREFIX_HEADER = "temperatureconverter/temperatureconverter-Prefix.pch";
				GCC_PREPROCESSOR_DEFINITIONS = (
					"DEBUG=1",
					"$(inherited)",
				);
				INFOPLIST_FILE = "temperatureconverterTests/temperatureconverterTests-Info.plist";
				PRODUCT_NAME = "$(TARGET_NAME)";
				TEST_HOST = "$(BUNDLE_LOADER)";
				WRAPPER_EXTENSION = xctest;
			};
			name = Debug;
		};
		3F5DC0B9180122760076C8AB /* Release */ = {
			isa = XCBuildConfiguration;
			buildSettings = {
				ARCHS = "$(ARCHS_STANDARD_INCLUDING_64_BIT)";
				BUNDLE_LOADER = "$(BUILT_PRODUCTS_DIR)/temperatureconverter.app/temperatureconverter";
				FRAMEWORK_SEARCH_PATHS = (
					"$(SDKROOT)/Developer/Library/Frameworks",
					"$(inherited)",
					"$(DEVELOPER_FRAMEWORKS_DIR)",
				);
				GCC_PRECOMPILE_PREFIX_HEADER = YES;
				GCC_PREFIX_HEADER = "temperatureconverter/temperatureconverter-Prefix.pch";
				INFOPLIST_FILE = "temperatureconverterTests/temperatureconverterTests-Info.plist";
				PRODUCT_NAME = "$(TARGET_NAME)";
				TEST_HOST = "$(BUNDLE_LOADER)";
				WRAPPER_EXTENSION = xctest;
			};
			name = Release;
		};
/* End XCBuildConfiguration section */

/* Begin XCConfigurationList section */
		3F5DC083180122760076C8AB /* Build configuration list for PBXProject "temperatureconverter" */ = {
			isa = XCConfigurationList;
			buildConfigurations = (
				3F5DC0B2180122760076C8AB /* Debug */,
				3F5DC0B3180122760076C8AB /* Release */,
			);
			defaultConfigurationIsVisible = 0;
			defaultConfigurationName = Release;
		};
		3F5DC0B4180122760076C8AB /* Build configuration list for PBXNativeTarget "temperatureconverter" */ = {
			isa = XCConfigurationList;
			buildConfigurations = (
				3F5DC0B5180122760076C8AB /* Debug */,
				3F5DC0B6180122760076C8AB /* Release */,
			);
			defaultConfigurationIsVisible = 0;
		};
		3F5DC0B7180122760076C8AB /* Build configuration list for PBXNativeTarget "temperatureconverterTests" */ = {
			isa = XCConfigurationList;
			buildConfigurations = (
				3F5DC0B8180122760076C8AB /* Debug */,
				3F5DC0B9180122760076C8AB /* Release */,
			);
			defaultConfigurationIsVisible = 0;
		};
/* End XCConfigurationList section */
	};
	rootObject = 3F5DC080180122760076C8AB /* Project object */;
}
